
Microsoft Visual Studio Solution File, Format Version 12.00
# Visual Studio Version 17
VisualStudioVersion = 17.4.33205.214
MinimumVisualStudioVersion = 10.0.40219.1
Project("{9A19103F-16F7-4668-BE54-9A1E7A4F7556}") = "EnginesTesting.Flow", "EnginesTesting\EnginesTesting.Flow.csproj", "{885673FA-37EB-40B9-93A2-DE5178BB00F2}"
EndProject
Project("{FAE04EC0-301F-11D3-BF4B-00C04F79EFBC}") = "EnginesTesting.Model", "ModelEnginesTesting\EnginesTesting.Model.csproj", "{3BD3E68C-57FF-4E34-8354-7CC057BBFB5D}"
EndProject
Project("{FAE04EC0-301F-11D3-BF4B-00C04F79EFBC}") = "EnginesTesting.View", "EnginesTesting.View\EnginesTesting.View.csproj", "{9E68822D-B72B-4F28-8DB4-E57D38DED5B3}"
EndProject
Project("{FAE04EC0-301F-11D3-BF4B-00C04F79EFBC}") = "EnginesTesting.Data", "EnginesTesting.WorkingData\EnginesTesting.Data.csproj", "{E01836C2-3900-42AA-88E7-F87F211E5B7D}"
EndProject
Global
	GlobalSection(SolutionConfigurationPlatforms) = preSolution
		Debug|Any CPU = Debug|Any CPU
		Release|Any CPU = Release|Any CPU
	EndGlobalSection
	GlobalSection(ProjectConfigurationPlatforms) = postSolution
		{885673FA-37EB-40B9-93A2-DE5178BB00F2}.Debug|Any CPU.ActiveCfg = Debug|Any CPU
		{885673FA-37EB-40B9-93A2-DE5178BB00F2}.Debug|Any CPU.Build.0 = Debug|Any CPU
		{885673FA-37EB-40B9-93A2-DE5178BB00F2}.Release|Any CPU.ActiveCfg = Release|Any CPU
		{885673FA-37EB-40B9-93A2-DE5178BB00F2}.Release|Any CPU.Build.0 = Release|Any CPU
		{3BD3E68C-57FF-4E34-8354-7CC057BBFB5D}.Debug|Any CPU.ActiveCfg = Debug|Any CPU
		{3BD3E68C-57FF-4E34-8354-7CC057BBFB5D}.Debug|Any CPU.Build.0 = Debug|Any CPU
		{3BD3E68C-57FF-4E34-8354-7CC057BBFB5D}.Release|Any CPU.ActiveCfg = Release|Any CPU
		{3BD3E68C-57FF-4E34-8354-7CC057BBFB5D}.Release|Any CPU.Build.0 = Release|Any CPU
		{9E68822D-B72B-4F28-8DB4-E57D38DED5B3}.Debug|Any CPU.ActiveCfg = Debug|Any CPU
		{9E68822D-B72B-4F28-8DB4-E57D38DED5B3}.Debug|Any CPU.Build.0 = Debug|Any CPU
		{9E68822D-B72B-4F28-8DB4-E57D38DED5B3}.Release|Any CPU.ActiveCfg = Release|Any CPU
		{9E68822D-B72B-4F28-8DB4-E57D38DED5B3}.Release|Any CPU.Build.0 = Release|Any CPU
		{E01836C2-3900-42AA-88E7-F87F211E5B7D}.Debug|Any CPU.ActiveCfg = Debug|Any CPU
		{E01836C2-3900-42AA-88E7-F87F211E5B7D}.Debug|Any CPU.Build.0 = Debug|Any CPU
		{E01836C2-3900-42AA-88E7-F87F211E5B7D}.Release|Any CPU.ActiveCfg = Release|Any CPU
		{E01836C2-3900-42AA-88E7-F87F211E5B7D}.Release|Any CPU.Build.0 = Release|Any CPU
	EndGlobalSection
	GlobalSection(SolutionProperties) = preSolution
		HideSolutionNode = FALSE
	EndGlobalSection
	GlobalSection(ExtensibilityGlobals) = postSolution
		SolutionGuid = {41425BDF-5710-4506-9014-DB4CAF4C485C}
	EndGlobalSection
EndGlobal
